// !$*UTF8*$!
{
	archiveVersion = 1;
	classes = {
	};
	objectVersion = 51;
	objects = {

/* Begin PBXBuildFile section */
		3D62BDA226FAEB6100F1A1A2 /* BoostDelegate.swift in Sources */ = {isa = PBXBuildFile; fileRef = 3D62BDA126FAEB6100F1A1A2 /* BoostDelegate.swift */; };
		3D62BDA826FAF48F00F1A1A2 /* BaseFlutterViewController.swift in Sources */ = {isa = PBXBuildFile; fileRef = 3D62BDA726FAF48F00F1A1A2 /* BaseFlutterViewController.swift */; };
		3DC9189626F5D00000C9D79A /* AppDelegate.swift in Sources */ = {isa = PBXBuildFile; fileRef = 3DC9189526F5D00000C9D79A /* AppDelegate.swift */; };
		3DC9189A26F5D00000C9D79A /* ViewController.swift in Sources */ = {isa = PBXBuildFile; fileRef = 3DC9189926F5D00000C9D79A /* ViewController.swift */; };
		3DC9189D26F5D00000C9D79A /* Main.storyboard in Resources */ = {isa = PBXBuildFile; fileRef = 3DC9189B26F5D00000C9D79A /* Main.storyboard */; };
		3DC9189F26F5D00100C9D79A /* Assets.xcassets in Resources */ = {isa = PBXBuildFile; fileRef = 3DC9189E26F5D00100C9D79A /* Assets.xcassets */; };
		3DC918A226F5D00100C9D79A /* LaunchScreen.storyboard in Resources */ = {isa = PBXBuildFile; fileRef = 3DC918A026F5D00100C9D79A /* LaunchScreen.storyboard */; };
		FC751428481A09CF781BAEB7 /* Pods_flutter_boost_ios.framework in Frameworks */ = {isa = PBXBuildFile; fileRef = 871F438F91D5604AF682DE39 /* Pods_flutter_boost_ios.framework */; };
/* End PBXBuildFile section */

/* Begin PBXFileReference section */
		3D62BDA126FAEB6100F1A1A2 /* BoostDelegate.swift */ = {isa = PBXFileReference; lastKnownFileType = sourcecode.swift; path = BoostDelegate.swift; sourceTree = "<group>"; };
		3D62BDA326FAEBC000F1A1A2 /* flutter_boost_ios-Bridging-Header.h */ = {isa = PBXFileReference; lastKnownFileType = sourcecode.c.h; path = "flutter_boost_ios-Bridging-Header.h"; sourceTree = "<group>"; };
		3D62BDA726FAF48F00F1A1A2 /* BaseFlutterViewController.swift */ = {isa = PBXFileReference; lastKnownFileType = sourcecode.swift; path = BaseFlutterViewController.swift; sourceTree = "<group>"; };
		3DC9189226F5D00000C9D79A /* flutter_boost_ios.app */ = {isa = PBXFileReference; explicitFileType = wrapper.application; includeInIndex = 0; path = flutter_boost_ios.app; sourceTree = BUILT_PRODUCTS_DIR; };
		3DC9189526F5D00000C9D79A /* AppDelegate.swift */ = {isa = PBXFileReference; lastKnownFileType = sourcecode.swift; path = AppDelegate.swift; sourceTree = "<group>"; };
		3DC9189926F5D00000C9D79A /* ViewController.swift */ = {isa = PBXFileReference; lastKnownFileType = sourcecode.swift; path = ViewController.swift; sourceTree = "<group>"; };
		3DC9189C26F5D00000C9D79A /* Base */ = {isa = PBXFileReference; lastKnownFileType = file.storyboard; name = Base; path = Base.lproj/Main.storyboard; sourceTree = "<group>"; };
		3DC9189E26F5D00100C9D79A /* Assets.xcassets */ = {isa = PBXFileReference; lastKnownFileType = folder.assetcatalog; path = Assets.xcassets; sourceTree = "<group>"; };
		3DC918A126F5D00100C9D79A /* Base */ = {isa = PBXFileReference; lastKnownFileType = file.storyboard; name = Base; path = Base.lproj/LaunchScreen.storyboard; sourceTree = "<group>"; };
		3DC918A326F5D00100C9D79A /* Info.plist */ = {isa = PBXFileReference; lastKnownFileType = text.plist.xml; path = Info.plist; sourceTree = "<group>"; };
		871F438F91D5604AF682DE39 /* Pods_flutter_boost_ios.framework */ = {isa = PBXFileReference; explicitFileType = wrapper.framework; includeInIndex = 0; path = Pods_flutter_boost_ios.framework; sourceTree = BUILT_PRODUCTS_DIR; };
		B4270B1DCE612173571BD12A /* Pods-flutter_boost_ios.release.xcconfig */ = {isa = PBXFileReference; includeInIndex = 1; lastKnownFileType = text.xcconfig; name = "Pods-flutter_boost_ios.release.xcconfig"; path = "Target Support Files/Pods-flutter_boost_ios/Pods-flutter_boost_ios.release.xcconfig"; sourceTree = "<group>"; };
		F5CFC7BF4FC5CC4A387A85A0 /* Pods-flutter_boost_ios.debug.xcconfig */ = {isa = PBXFileReference; includeInIndex = 1; lastKnownFileType = text.xcconfig; name = "Pods-flutter_boost_ios.debug.xcconfig"; path = "Target Support Files/Pods-flutter_boost_ios/Pods-flutter_boost_ios.debug.xcconfig"; sourceTree = "<group>"; };
/* End PBXFileReference section */

/* Begin PBXFrameworksBuildPhase section */
		3DC9188F26F5D00000C9D79A /* Frameworks */ = {
			isa = PBXFrameworksBuildPhase;
			buildActionMask = 2147483647;
			files = (
				FC751428481A09CF781BAEB7 /* Pods_flutter_boost_ios.framework in Frameworks */,
			);
			runOnlyForDeploymentPostprocessing = 0;
		};
/* End PBXFrameworksBuildPhase section */

/* Begin PBXGroup section */
		3DC9188926F5D00000C9D79A = {
			isa = PBXGroup;
			children = (
				3DC9189426F5D00000C9D79A /* flutter_boost_ios */,
				3DC9189326F5D00000C9D79A /* Products */,
				B1C67ABB9199550462DB3CBF /* Pods */,
				F3B75BD295A540C85348A3EF /* Frameworks */,
			);
			sourceTree = "<group>";
		};
		3DC9189326F5D00000C9D79A /* Products */ = {
			isa = PBXGroup;
			children = (
				3DC9189226F5D00000C9D79A /* flutter_boost_ios.app */,
			);
			name = Products;
			sourceTree = "<group>";
		};
		3DC9189426F5D00000C9D79A /* flutter_boost_ios */ = {
			isa = PBXGroup;
			children = (
				3DC9189526F5D00000C9D79A /* AppDelegate.swift */,
				3D62BDA126FAEB6100F1A1A2 /* BoostDelegate.swift */,
				3DC9189926F5D00000C9D79A /* ViewController.swift */,
				3D62BDA726FAF48F00F1A1A2 /* BaseFlutterViewController.swift */,
				3DC9189B26F5D00000C9D79A /* Main.storyboard */,
				3DC9189E26F5D00100C9D79A /* Assets.xcassets */,
				3DC918A026F5D00100C9D79A /* LaunchScreen.storyboard */,
				3DC918A326F5D00100C9D79A /* Info.plist */,
				3D62BDA326FAEBC000F1A1A2 /* flutter_boost_ios-Bridging-Header.h */,
			);
			path = flutter_boost_ios;
			sourceTree = "<group>";
		};
		B1C67ABB9199550462DB3CBF /* Pods */ = {
			isa = PBXGroup;
			children = (
				F5CFC7BF4FC5CC4A387A85A0 /* Pods-flutter_boost_ios.debug.xcconfig */,
				B4270B1DCE612173571BD12A /* Pods-flutter_boost_ios.release.xcconfig */,
			);
			path = Pods;
			sourceTree = "<group>";
		};
		F3B75BD295A540C85348A3EF /* Frameworks */ = {
			isa = PBXGroup;
			children = (
				871F438F91D5604AF682DE39 /* Pods_flutter_boost_ios.framework */,
			);
			name = Frameworks;
			sourceTree = "<group>";
		};
/* End PBXGroup section */

/* Begin PBXNativeTarget section */
		3DC9189126F5D00000C9D79A /* flutter_boost_ios */ = {
			isa = PBXNativeTarget;
			buildConfigurationList = 3DC918A626F5D00100C9D79A /* Build configuration list for PBXNativeTarget "flutter_boost_ios" */;
			buildPhases = (
				7890A68B3307E00D40016768 /* [CP] Check Pods Manifest.lock */,
				E5AA49531AC6FEEEE8A277EE /* [CP-User] Run Flutter Build flutter_boost_dart Script */,
				3DC9188E26F5D00000C9D79A /* Sources */,
				3DC9188F26F5D00000C9D79A /* Frameworks */,
				3DC9189026F5D00000C9D79A /* Resources */,
				A9664E670FE9FEB2EC7645FA /* [CP] Embed Pods Frameworks */,
			);
			buildRules = (
			);
			dependencies = (
			);
			name = flutter_boost_ios;
			productName = flutter_boost_ios;
			productReference = 3DC9189226F5D00000C9D79A /* flutter_boost_ios.app */;
			productType = "com.apple.product-type.application";
		};
/* End PBXNativeTarget section */

/* Begin PBXProject section */
		3DC9188A26F5D00000C9D79A /* Project object */ = {
			isa = PBXProject;
			attributes = {
				LastSwiftUpdateCheck = 1250;
				LastUpgradeCheck = 1250;
				TargetAttributes = {
					3DC9189126F5D00000C9D79A = {
						CreatedOnToolsVersion = 12.5;
						LastSwiftMigration = 1250;
					};
				};
			};
			buildConfigurationList = 3DC9188D26F5D00000C9D79A /* Build configuration list for PBXProject "flutter_boost_ios" */;
			compatibilityVersion = "Xcode 9.3";
			developmentRegion = en;
			hasScannedForEncodings = 0;
			knownRegions = (
				en,
				Base,
			);
			mainGroup = 3DC9188926F5D00000C9D79A;
			productRefGroup = 3DC9189326F5D00000C9D79A /* Products */;
			projectDirPath = "";
			projectRoot = "";
			targets = (
				3DC9189126F5D00000C9D79A /* flutter_boost_ios */,
			);
		};
/* End PBXProject section */

/* Begin PBXResourcesBuildPhase section */
		3DC9189026F5D00000C9D79A /* Resources */ = {
			isa = PBXResourcesBuildPhase;
			buildActionMask = 2147483647;
			files = (
				3DC918A226F5D00100C9D79A /* LaunchScreen.storyboard in Resources */,
				3DC9189F26F5D00100C9D79A /* Assets.xcassets in Resources */,
				3DC9189D26F5D00000C9D79A /* Main.storyboard in Resources */,
			);
			runOnlyForDeploymentPostprocessing = 0;
		};
/* End PBXResourcesBuildPhase section */

/* Begin PBXShellScriptBuildPhase section */
		7890A68B3307E00D40016768 /* [CP] Check Pods Manifest.lock */ = {
			isa = PBXShellScriptBuildPhase;
			buildActionMask = 2147483647;
			files = (
			);
			inputFileListPaths = (
			);
			inputPaths = (
				"${PODS_PODFILE_DIR_PATH}/Podfile.lock",
				"${PODS_ROOT}/Manifest.lock",
			);
			name = "[CP] Check Pods Manifest.lock";
			outputFileListPaths = (
			);
			outputPaths = (
				"$(DERIVED_FILE_DIR)/Pods-flutter_boost_ios-checkManifestLockResult.txt",
			);
			runOnlyForDeploymentPostprocessing = 0;
			shellPath = /bin/sh;
			shellScript = "diff \"${PODS_PODFILE_DIR_PATH}/Podfile.lock\" \"${PODS_ROOT}/Manifest.lock\" > /dev/null\nif [ $? != 0 ] ; then\n    # print error to STDERR\n    echo \"error: The sandbox is not in sync with the Podfile.lock. Run 'pod install' or update your CocoaPods installation.\" >&2\n    exit 1\nfi\n# This output is used by Xcode 'outputs' to avoid re-running this script phase.\necho \"SUCCESS\" > \"${SCRIPT_OUTPUT_FILE_0}\"\n";
			showEnvVarsInLog = 0;
		};
		A9664E670FE9FEB2EC7645FA /* [CP] Embed Pods Frameworks */ = {
			isa = PBXShellScriptBuildPhase;
			buildActionMask = 2147483647;
			files = (
			);
			inputFileListPaths = (
				"${PODS_ROOT}/Target Support Files/Pods-flutter_boost_ios/Pods-flutter_boost_ios-frameworks-${CONFIGURATION}-input-files.xcfilelist",
			);
			name = "[CP] Embed Pods Frameworks";
			outputFileListPaths = (
				"${PODS_ROOT}/Target Support Files/Pods-flutter_boost_ios/Pods-flutter_boost_ios-frameworks-${CONFIGURATION}-output-files.xcfilelist",
			);
			runOnlyForDeploymentPostprocessing = 0;
			shellPath = /bin/sh;
			shellScript = "\"${PODS_ROOT}/Target Support Files/Pods-flutter_boost_ios/Pods-flutter_boost_ios-frameworks.sh\"\n";
			showEnvVarsInLog = 0;
		};
		E5AA49531AC6FEEEE8A277EE /* [CP-User] Run Flutter Build flutter_boost_dart Script */ = {
			isa = PBXShellScriptBuildPhase;
			buildActionMask = 2147483647;
			files = (
			);
			name = "[CP-User] Run Flutter Build flutter_boost_dart Script";
			runOnlyForDeploymentPostprocessing = 0;
			shellPath = /bin/sh;
			shellScript = "set -e\nset -u\nsource \"${SRCROOT}/../flutter_boost_dart/.ios/Flutter/flutter_export_environment.sh\"\nexport VERBOSE_SCRIPT_LOGGING=1 && \"$FLUTTER_ROOT\"/packages/flutter_tools/bin/xcode_backend.sh build";
		};
/* End PBXShellScriptBuildPhase section */

/* Begin PBXSourcesBuildPhase section */
		3DC9188E26F5D00000C9D79A /* Sources */ = {
			isa = PBXSourcesBuildPhase;
			buildActionMask = 2147483647;
			files = (
				3D62BDA226FAEB6100F1A1A2 /* BoostDelegate.swift in Sources */,
				3DC9189A26F5D00000C9D79A /* ViewController.swift in Sources */,
				3DC9189626F5D00000C9D79A /* AppDelegate.swift in Sources */,
				3D62BDA826FAF48F00F1A1A2 /* BaseFlutterViewController.swift in Sources */,
			);
			runOnlyForDeploymentPostprocessing = 0;
		};
/* End PBXSourcesBuildPhase section */

/* Begin PBXVariantGroup section */
		3DC9189B26F5D00000C9D79A /* Main.storyboard */ = {
			isa = PBXVariantGroup;
			children = (
				3DC9189C26F5D00000C9D79A /* Base */,
			);
			name = Main.storyboard;
			sourceTree = "<group>";
		};
		3DC918A026F5D00100C9D79A /* LaunchScreen.storyboard */ = {
			isa = PBXVariantGroup;
			children = (
				3DC918A126F5D00100C9D79A /* Base */,
			);
			name = LaunchScreen.storyboard;
			sourceTree = "<group>";
		};
/* End PBXVariantGroup section */

/* Begin XCBuildConfiguration section */
		3DC918A426F5D00100C9D79A /* Debug */ = {
			isa = XCBuildConfiguration;
			buildSettings = {
				ALWAYS_SEARCH_USER_PATHS = NO;
				CLANG_ANALYZER_NONNULL = YES;
				CLANG_ANALYZER_NUMBER_OBJECT_CONVERSION = YES_AGGRESSIVE;
				CLANG_CXX_LANGUAGE_STANDARD = "gnu++14";
				CLANG_CXX_LIBRARY = "libc++";
				CLANG_ENABLE_MODULES = YES;
				CLANG_ENABLE_OBJC_ARC = YES;
				CLANG_ENABLE_OBJC_WEAK = YES;
				CLANG_WARN_BLOCK_CAPTURE_AUTORELEASING = YES;
				CLANG_WARN_BOOL_CONVERSION = YES;
				CLANG_WARN_COMMA = YES;
				CLANG_WARN_CONSTANT_CONVERSION = YES;
				CLANG_WARN_DEPRECATED_OBJC_IMPLEMENTATIONS = YES;
				CLANG_WARN_DIRECT_OBJC_ISA_USAGE = YES_ERROR;
				CLANG_WARN_DOCUMENTATION_COMMENTS = YES;
				CLANG_WARN_EMPTY_BODY = YES;
				CLANG_WARN_ENUM_CONVERSION = YES;
				CLANG_WARN_INFINITE_RECURSION = YES;
				CLANG_WARN_INT_CONVERSION = YES;
				CLANG_WARN_NON_LITERAL_NULL_CONVERSION = YES;
				CLANG_WARN_OBJC_IMPLICIT_RETAIN_SELF = YES;
				CLANG_WARN_OBJC_LITERAL_CONVERSION = YES;
				CLANG_WARN_OBJC_ROOT_CLASS = YES_ERROR;
				CLANG_WARN_QUOTED_INCLUDE_IN_FRAMEWORK_HEADER = YES;
				CLANG_WARN_RANGE_LOOP_ANALYSIS = YES;
				CLANG_WARN_STRICT_PROTOTYPES = YES;
				CLANG_WARN_SUSPICIOUS_MOVE = YES;
				CLANG_WARN_UNGUARDED_AVAILABILITY = YES_AGGRESSIVE;
				CLANG_WARN_UNREACHABLE_CODE = YES;
				CLANG_WARN__DUPLICATE_METHOD_MATCH = YES;
				COPY_PHASE_STRIP = NO;
				DEBUG_INFORMATION_FORMAT = dwarf;
				ENABLE_STRICT_OBJC_MSGSEND = YES;
				ENABLE_TESTABILITY = YES;
				GCC_C_LANGUAGE_STANDARD = gnu11;
				GCC_DYNAMIC_NO_PIC = NO;
				GCC_NO_COMMON_BLOCKS = YES;
				GCC_OPTIMIZATION_LEVEL = 0;
				GCC_PREPROCESSOR_DEFINITIONS = (
					"DEBUG=1",
					"$(inherited)",
				);
				GCC_WARN_64_TO_32_BIT_CONVERSION = YES;
				GCC_WARN_ABOUT_RETURN_TYPE = YES_ERROR;
				GCC_WARN_UNDECLARED_SELECTOR = YES;
				GCC_WARN_UNINITIALIZED_AUTOS = YES_AGGRESSIVE;
				GCC_WARN_UNUSED_FUNCTION = YES;
				GCC_WARN_UNUSED_VARIABLE = YES;
				IPHONEOS_DEPLOYMENT_TARGET = 14.5;
				MTL_ENABLE_DEBUG_INFO = INCLUDE_SOURCE;
				MTL_FAST_MATH = YES;
				ONLY_ACTIVE_ARCH = YES;
				SDKROOT = iphoneos;
				SWIFT_ACTIVE_COMPILATION_CONDITIONS = DEBUG;
				SWIFT_OPTIMIZATION_LEVEL = "-Onone";
			};
			name = Debug;
		};
		3DC918A526F5D00100C9D79A /* Release */ = {
			isa = XCBuildConfiguration;
			buildSettings = {
				ALWAYS_SEARCH_USER_PATHS = NO;
				CLANG_ANALYZER_NONNULL = YES;
				CLANG_ANALYZER_NUMBER_OBJECT_CONVERSION = YES_AGGRESSIVE;
				CLANG_CXX_LANGUAGE_STANDARD = "gnu++14";
				CLANG_CXX_LIBRARY = "libc++";
				CLANG_ENABLE_MODULES = YES;
				CLANG_ENABLE_OBJC_ARC = YES;
				CLANG_ENABLE_OBJC_WEAK = YES;
				CLANG_WARN_BLOCK_CAPTURE_AUTORELEASING = YES;
				CLANG_WARN_BOOL_CONVERSION = YES;
				CLANG_WARN_COMMA = YES;
				CLANG_WARN_CONSTANT_CONVERSION = YES;
				CLANG_WARN_DEPRECATED_OBJC_IMPLEMENTATIONS = YES;
				CLANG_WARN_DIRECT_OBJC_ISA_USAGE = YES_ERROR;
				CLANG_WARN_DOCUMENTATION_COMMENTS = YES;
				CLANG_WARN_EMPTY_BODY = YES;
				CLANG_WARN_ENUM_CONVERSION = YES;
				CLANG_WARN_INFINITE_RECURSION = YES;
				CLANG_WARN_INT_CONVERSION = YES;
				CLANG_WARN_NON_LITERAL_NULL_CONVERSION = YES;
				CLANG_WARN_OBJC_IMPLICIT_RETAIN_SELF = YES;
				CLANG_WARN_OBJC_LITERAL_CONVERSION = YES;
				CLANG_WARN_OBJC_ROOT_CLASS = YES_ERROR;
				CLANG_WARN_QUOTED_INCLUDE_IN_FRAMEWORK_HEADER = YES;
				CLANG_WARN_RANGE_LOOP_ANALYSIS = YES;
				CLANG_WARN_STRICT_PROTOTYPES = YES;
				CLANG_WARN_SUSPICIOUS_MOVE = YES;
				CLANG_WARN_UNGUARDED_AVAILABILITY = YES_AGGRESSIVE;
				CLANG_WARN_UNREACHABLE_CODE = YES;
				CLANG_WARN__DUPLICATE_METHOD_MATCH = YES;
				COPY_PHASE_STRIP = NO;
				DEBUG_INFORMATION_FORMAT = "dwarf-with-dsym";
				ENABLE_NS_ASSERTIONS = NO;
				ENABLE_STRICT_OBJC_MSGSEND = YES;
				GCC_C_LANGUAGE_STANDARD = gnu11;
				GCC_NO_COMMON_BLOCKS = YES;
				GCC_WARN_64_TO_32_BIT_CONVERSION = YES;
				GCC_WARN_ABOUT_RETURN_TYPE = YES_ERROR;
				GCC_WARN_UNDECLARED_SELECTOR = YES;
				GCC_WARN_UNINITIALIZED_AUTOS = YES_AGGRESSIVE;
				GCC_WARN_UNUSED_FUNCTION = YES;
				GCC_WARN_UNUSED_VARIABLE = YES;
				IPHONEOS_DEPLOYMENT_TARGET = 14.5;
				MTL_ENABLE_DEBUG_INFO = NO;
				MTL_FAST_MATH = YES;
				SDKROOT = iphoneos;
				SWIFT_COMPILATION_MODE = wholemodule;
				SWIFT_OPTIMIZATION_LEVEL = "-O";
				VALIDATE_PRODUCT = YES;
			};
			name = Release;
		};
		3DC918A726F5D00100C9D79A /* Debug */ = {
			isa = XCBuildConfiguration;
			baseConfigurationReference = F5CFC7BF4FC5CC4A387A85A0 /* Pods-flutter_boost_ios.debug.xcconfig */;
			buildSettings = {
				ASSETCATALOG_COMPILER_APPICON_NAME = AppIcon;
				ASSETCATALOG_COMPILER_GLOBAL_ACCENT_COLOR_NAME = AccentColor;
				CLANG_ENABLE_MODULES = YES;
				CODE_SIGN_STYLE = Automatic;
				INFOPLIST_FILE = flutter_boost_ios/Info.plist;
				LD_RUNPATH_SEARCH_PATHS = (
					"$(inherited)",
					"@executable_path/Frameworks",
				);
				PRODUCT_BUNDLE_IDENTIFIER = "com.study.flutter-boost-ios";
				PRODUCT_NAME = "$(TARGET_NAME)";
				SWIFT_OBJC_BRIDGING_HEADER = "flutter_boost_ios/flutter_boost_ios-Bridging-Header.h";
				SWIFT_OPTIMIZATION_LEVEL = "-Onone";
				SWIFT_VERSION = 5.0;
				TARGETED_DEVICE_FAMILY = "1,2";
			};
			name = Debug;
		};
		3DC918A826F5D00100C9D79A /* Release */ = {
			isa = XCBuildConfiguration;
			baseConfigurationReference = B4270B1DCE612173571BD12A /* Pods-flutter_boost_ios.release.xcconfig */;
			buildSettings = {
				ASSETCATALOG_COMPILER_APPICON_NAME = AppIcon;
				ASSETCATALOG_COMPILER_GLOBAL_ACCENT_COLOR_NAME = AccentColor;
				CLANG_ENABLE_MODULES = YES;
				CODE_SIGN_STYLE = Automatic;
				INFOPLIST_FILE = flutter_boost_ios/Info.plist;
				LD_RUNPATH_SEARCH_PATHS = (
					"$(inherited)",
					"@executable_path/Frameworks",
				);
				PRODUCT_BUNDLE_IDENTIFIER = "com.study.flutter-boost-ios";
				PRODUCT_NAME = "$(TARGET_NAME)";
				SWIFT_OBJC_BRIDGING_HEADER = "flutter_boost_ios/flutter_boost_ios-Bridging-Header.h";
				SWIFT_VERSION = 5.0;
				TARGETED_DEVICE_FAMILY = "1,2";
			};
			name = Release;
		};
/* End XCBuildConfiguration section */

/* Begin XCConfigurationList section */
		3DC9188D26F5D00000C9D79A /* Build configuration list for PBXProject "flutter_boost_ios" */ = {
			isa = XCConfigurationList;
			buildConfigurations = (
				3DC918A426F5D00100C9D79A /* Debug */,
				3DC918A526F5D00100C9D79A /* Release */,
			);
			defaultConfigurationIsVisible = 0;
			defaultConfigurationName = Release;
		};
		3DC918A626F5D00100C9D79A /* Build configuration list for PBXNativeTarget "flutter_boost_ios" */ = {
			isa = XCConfigurationList;
			buildConfigurations = (
				3DC918A726F5D00100C9D79A /* Debug */,
				3DC918A826F5D00100C9D79A /* Release */,
			);
			defaultConfigurationIsVisible = 0;
			defaultConfigurationName = Release;
		};
/* End XCConfigurationList section */
	};
	rootObject = 3DC9188A26F5D00000C9D79A /* Project object */;
}
